
Microsoft Visual Studio Solution File, Format Version 12.00
# Visual Studio Version 17
VisualStudioVersion = 17.10.35027.167
MinimumVisualStudioVersion = 10.0.40219.1
Project("{FAE04EC0-301F-11D3-BF4B-00C04F79EFBC}") = "WPF_Example_ListView2", "WPF_Example_ListView2\WPF_Example_ListView2.csproj", "{E051903C-DE77-46B2-9F9E-5306EFAD3FAA}"
EndProject
Global
	GlobalSection(SolutionConfigurationPlatforms) = preSolution
		Debug|Any CPU = Debug|Any CPU
		Release|Any CPU = Release|Any CPU
	EndGlobalSection
	GlobalSection(ProjectConfigurationPlatforms) = postSolution
		{E051903C-DE77-46B2-9F9E-5306EFAD3FAA}.Debug|Any CPU.ActiveCfg = Debug|Any CPU
		{E051903C-DE77-46B2-9F9E-5306EFAD3FAA}.Debug|Any CPU.Build.0 = Debug|Any CPU
		{E051903C-DE77-46B2-9F9E-5306EFAD3FAA}.Release|Any CPU.ActiveCfg = Release|Any CPU
		{E051903C-DE77-46B2-9F9E-5306EFAD3FAA}.Release|Any CPU.Build.0 = Release|Any CPU
	EndGlobalSection
	GlobalSection(SolutionProperties) = preSolution
		HideSolutionNode = FALSE
	EndGlobalSection
	GlobalSection(ExtensibilityGlobals) = postSolution
		SolutionGuid = {E6518471-1C34-4013-AC23-D0852DD68B8A}
	EndGlobalSection
EndGlobal
